PODS:
  - AFNetworking (3.1.0):
    - AFNetworking/NSURLSession (= 3.1.0)
    - AFNetworking/Reachability (= 3.1.0)
    - AFNetworking/Security (= 3.1.0)
    - AFNetworking/Serialization (= 3.1.0)
    - AFNetworking/UIKit (= 3.1.0)
  - AFNetworking/NSURLSession (3.1.0):
    - AFNetworking/Reachability
    - AFNetworking/Security
    - AFNetworking/Serialization
  - AFNetworking/Reachability (3.1.0)
  - AFNetworking/Security (3.1.0)
  - AFNetworking/Serialization (3.1.0)
  - AFNetworking/UIKit (3.1.0):
    - AFNetworking/NSURLSession
  - FMDB (2.7.2):
    - FMDB/standard (= 2.7.2)
  - FMDB/standard (2.7.2)
  - IQKeyboardManager (4.0.8)
  - JCore (1.1.5)
  - JPush (3.0.6):
    - JCore (~> 1.1.1)
  - LEEAlert (1.1.0)
  - Masonry (1.0.2)
  - MJExtension (3.0.13)
  - MJRefresh (3.1.12)
  - Popover.OC (1.0)
  - PYSearch (0.8.2)
  - ReactiveObjC (2.1.2)
  - SDCycleScrollView (1.65):
    - SDWebImage (~> 3.7)
  - SDWebImage (3.7.0):
    - SDWebImage/Core (= 3.7.0)
  - SDWebImage/Core (3.7.0)
  - SVProgressHUD (2.1.2)
  - WechatOpenSDK (1.8.0)
  - WMPageController (2.2.1)
  - ZLPhotoBrowser (2.2.5)

DEPENDENCIES:
  - AFNetworking (= 3.1.0)
  - FMDB
  - IQKeyboardManager (= 4.0.8)
  - JPush
  - LEEAlert
  - Masonry (= 1.0.2)
  - MJExtension (= 3.0.13)
  - MJRefresh (= 3.1.12)
  - Popover.OC
  - PYSearch
  - ReactiveObjC (= 2.1.2)
  - SDCycleScrollView (= 1.65)
  - SDWebImage (= 3.7)
  - SVProgressHUD
  - WechatOpenSDK
  - WMPageController (= 2.2.1)
  - ZLPhotoBrowser

SPEC CHECKSUMS:
  AFNetworking: 5e0e199f73d8626b11e79750991f5d173d1f8b67
  FMDB: 6198a90e7b6900cfc046e6bc0ef6ebb7be9236aa
  IQKeyboardManager: 1a8189fa153bf09044355ee0ad36826f6767e7f7
  JCore: 9bd9c770c877c583d98b90a68792b8361974c231
  JPush: c41be50eb1a574a66aeb68d237f00a4ec6ec3a82
  LEEAlert: a51d666189ec457b9c483bc43179fb8c2cae7109
  Masonry: 7c429b56da9d4ee0bbb3ed77a5ea710d6a5df39e
  MJExtension: 5932755f451458eefa24239358817f8d291240c7
  MJRefresh: b96cdb21c4aa75a7b07654311ab2f315c497e806
  Popover.OC: b63f258fb9a9f480d23db9e486f9b165cce17ef8
  PYSearch: 6abe3721eb6a2f2a77f06a095b734cdb8faf3c81
  ReactiveObjC: 7b6782ae39f9ac0f57205c3b0c0b69b9dd7048c0
  SDCycleScrollView: f72904c77698a7f93a41bcbbc2d78b073bf7326c
  SDWebImage: b42db92951f9d565c55f1d7f1d5efe47e33a7515
  SVProgressHUD: c404a55d78acbeb7ebb78b76d3faf986475a6994
  WechatOpenSDK: 0ee07a8d492299d3e47372a33da5af26524a7576
  WMPageController: 181bcc9b1fb7c9c3466bff66012552953a547d28
  ZLPhotoBrowser: e3b90e4ab9ec5d19ba2ed2ef7c9ded654e1b1c8e

PODFILE CHECKSUM: 91e27a3d2259854ec0cc1a41c97ec854505834dc

COCOAPODS: 1.2.0
